
Microsoft Visual Studio Solution File, Format Version 12.00
# Visual Studio Version 17
VisualStudioVersion = 17.2.32526.322
MinimumVisualStudioVersion = 10.0.40219.1
Project("{FAE04EC0-301F-11D3-BF4B-00C04F79EFBC}") = "Asp.netCoreMVCIntro", "Asp.netCoreMVCIntro\Asp.netCoreMVCIntro.csproj", "{51DD3EAC-E2F2-46CE-AFCC-09E2F996666A}"
EndProject
Global
	GlobalSection(SolutionConfigurationPlatforms) = preSolution
		Debug|Any CPU = Debug|Any CPU
		Release|Any CPU = Release|Any CPU
	EndGlobalSection
	GlobalSection(ProjectConfigurationPlatforms) = postSolution
		{51DD3EAC-E2F2-46CE-AFCC-09E2F996666A}.Debug|Any CPU.ActiveCfg = Debug|Any CPU
		{51DD3EAC-E2F2-46CE-AFCC-09E2F996666A}.Debug|Any CPU.Build.0 = Debug|Any CPU
		{51DD3EAC-E2F2-46CE-AFCC-09E2F996666A}.Release|Any CPU.ActiveCfg = Release|Any CPU
		{51DD3EAC-E2F2-46CE-AFCC-09E2F996666A}.Release|Any CPU.Build.0 = Release|Any CPU
	EndGlobalSection
	GlobalSection(SolutionProperties) = preSolution
		HideSolutionNode = FALSE
	EndGlobalSection
	GlobalSection(ExtensibilityGlobals) = postSolution
		SolutionGuid = {AEE530F3-BA43-4985-BACB-FCF6493D65C4}
	EndGlobalSection
EndGlobal
